other_pages_teaser_block__image: 'https://placeimg.com/320/180/any'
other_pages_teaser_block__title: 'Material Take Off'
other_pages_teaser_block__body: 'Lorem ipsum dolor sit amet, consectetuer ading elit. Donec odio quisque volupat mattis eros. Nullam malesuada erat ut turpis. Suspendisse urna nibh viverra non, semper suscipit.'
other_pages_teaser_block__button_title: 'Service Details'
other_pages_teaser_block__url: '#'
