product_teaser_block__title: 'Economy MS-900 Markers'
product_teaser_block__image: 'https://placeimg.com/320/180/any'
product_teaser_block__body: 'Lorem ipsum dolor sit amet, cectetuer adipiscing elit donec odio nec justo quisque volutpat mattis.'
product_teaser_block__button_title: 'CHOOSE OPTIONS'
product_teaser_block__url: '#placeholder'
